// !$*UTF8*$!
{
	archiveVersion = 1;
	classes = {
	};
	objectVersion = 56;
	objects = {

/* Begin PBXBuildFile section */
		98A635C32CF55EB200E13862 /* Native_demo_appApp.swift in Sources */ = {isa = PBXBuildFile; fileRef = 98A635C22CF55EB200E13862 /* Native_demo_appApp.swift */; };
		98A635C52CF55EB200E13862 /* ContentView.swift in Sources */ = {isa = PBXBuildFile; fileRef = 98A635C42CF55EB200E13862 /* ContentView.swift */; };
		98A635C72CF55EB300E13862 /* Assets.xcassets in Resources */ = {isa = PBXBuildFile; fileRef = 98A635C62CF55EB300E13862 /* Assets.xcassets */; };
		98A635CA2CF55EB300E13862 /* Preview Assets.xcassets in Resources */ = {isa = PBXBuildFile; fileRef = 98A635C92CF55EB300E13862 /* Preview Assets.xcassets */; };
		98A635D42CF55EB300E13862 /* Native_demo_appTests.swift in Sources */ = {isa = PBXBuildFile; fileRef = 98A635D32CF55EB300E13862 /* Native_demo_appTests.swift */; };
		98A635DE2CF55EB300E13862 /* Native_demo_appUITests.swift in Sources */ = {isa = PBXBuildFile; fileRef = 98A635DD2CF55EB300E13862 /* Native_demo_appUITests.swift */; };
		98A635E02CF55EB300E13862 /* Native_demo_appUITestsLaunchTests.swift in Sources */ = {isa = PBXBuildFile; fileRef = 98A635DF2CF55EB300E13862 /* Native_demo_appUITestsLaunchTests.swift */; };
/* End PBXBuildFile section */

/* Begin PBXContainerItemProxy section */
		98A635D02CF55EB300E13862 /* PBXContainerItemProxy */ = {
			isa = PBXContainerItemProxy;
			containerPortal = 98A635B72CF55EB200E13862 /* Project object */;
			proxyType = 1;
			remoteGlobalIDString = 98A635BE2CF55EB200E13862;
			remoteInfo = "Native demo app";
		};
		98A635DA2CF55EB300E13862 /* PBXContainerItemProxy */ = {
			isa = PBXContainerItemProxy;
			containerPortal = 98A635B72CF55EB200E13862 /* Project object */;
			proxyType = 1;
			remoteGlobalIDString = 98A635BE2CF55EB200E13862;
			remoteInfo = "Native demo app";
		};
/* End PBXContainerItemProxy section */

/* Begin PBXFileReference section */
		98A635BF2CF55EB200E13862 /* Native demo app.app */ = {isa = PBXFileReference; explicitFileType = wrapper.application; includeInIndex = 0; path = "Native demo app.app"; sourceTree = BUILT_PRODUCTS_DIR; };
		98A635C22CF55EB200E13862 /* Native_demo_appApp.swift */ = {isa = PBXFileReference; lastKnownFileType = sourcecode.swift; path = Native_demo_appApp.swift; sourceTree = "<group>"; };
		98A635C42CF55EB200E13862 /* ContentView.swift */ = {isa = PBXFileReference; lastKnownFileType = sourcecode.swift; path = ContentView.swift; sourceTree = "<group>"; };
		98A635C62CF55EB300E13862 /* Assets.xcassets */ = {isa = PBXFileReference; lastKnownFileType = folder.assetcatalog; path = Assets.xcassets; sourceTree = "<group>"; };
		98A635C92CF55EB300E13862 /* Preview Assets.xcassets */ = {isa = PBXFileReference; lastKnownFileType = folder.assetcatalog; path = "Preview Assets.xcassets"; sourceTree = "<group>"; };
		98A635CF2CF55EB300E13862 /* Native demo appTests.xctest */ = {isa = PBXFileReference; explicitFileType = wrapper.cfbundle; includeInIndex = 0; path = "Native demo appTests.xctest"; sourceTree = BUILT_PRODUCTS_DIR; };
		98A635D32CF55EB300E13862 /* Native_demo_appTests.swift */ = {isa = PBXFileReference; lastKnownFileType = sourcecode.swift; path = Native_demo_appTests.swift; sourceTree = "<group>"; };
		98A635D92CF55EB300E13862 /* Native demo appUITests.xctest */ = {isa = PBXFileReference; explicitFileType = wrapper.cfbundle; includeInIndex = 0; path = "Native demo appUITests.xctest"; sourceTree = BUILT_PRODUCTS_DIR; };
		98A635DD2CF55EB300E13862 /* Native_demo_appUITests.swift */ = {isa = PBXFileReference; lastKnownFileType = sourcecode.swift; path = Native_demo_appUITests.swift; sourceTree = "<group>"; };
		98A635DF2CF55EB300E13862 /* Native_demo_appUITestsLaunchTests.swift */ = {isa = PBXFileReference; lastKnownFileType = sourcecode.swift; path = Native_demo_appUITestsLaunchTests.swift; sourceTree = "<group>"; };
/* End PBXFileReference section */

/* Begin PBXFrameworksBuildPhase section */
		98A635BC2CF55EB200E13862 /* Frameworks */ = {
			isa = PBXFrameworksBuildPhase;
			buildActionMask = 2147483647;
			files = (
			);
			runOnlyForDeploymentPostprocessing = 0;
		};
		98A635CC2CF55EB300E13862 /* Frameworks */ = {
			isa = PBXFrameworksBuildPhase;
			buildActionMask = 2147483647;
			files = (
			);
			runOnlyForDeploymentPostprocessing = 0;
		};
		98A635D62CF55EB300E13862 /* Frameworks */ = {
			isa = PBXFrameworksBuildPhase;
			buildActionMask = 2147483647;
			files = (
			);
			runOnlyForDeploymentPostprocessing = 0;
		};
/* End PBXFrameworksBuildPhase section */

/* Begin PBXGroup section */
		98A635B62CF55EB200E13862 = {
			isa = PBXGroup;
			children = (
				98A635C12CF55EB200E13862 /* Native demo app */,
				98A635D22CF55EB300E13862 /* Native demo appTests */,
				98A635DC2CF55EB300E13862 /* Native demo appUITests */,
				98A635C02CF55EB200E13862 /* Products */,
			);
			sourceTree = "<group>";
		};
		98A635C02CF55EB200E13862 /* Products */ = {
			isa = PBXGroup;
			children = (
				98A635BF2CF55EB200E13862 /* Native demo app.app */,
				98A635CF2CF55EB300E13862 /* Native demo appTests.xctest */,
				98A635D92CF55EB300E13862 /* Native demo appUITests.xctest */,
			);
			name = Products;
			sourceTree = "<group>";
		};
		98A635C12CF55EB200E13862 /* Native demo app */ = {
			isa = PBXGroup;
			children = (
				98A635C22CF55EB200E13862 /* Native_demo_appApp.swift */,
				98A635C42CF55EB200E13862 /* ContentView.swift */,
				98A635C62CF55EB300E13862 /* Assets.xcassets */,
				98A635C82CF55EB300E13862 /* Preview Content */,
			);
			path = "Native demo app";
			sourceTree = "<group>";
		};
		98A635C82CF55EB300E13862 /* Preview Content */ = {
			isa = PBXGroup;
			children = (
				98A635C92CF55EB300E13862 /* Preview Assets.xcassets */,
			);
			path = "Preview Content";
			sourceTree = "<group>";
		};
		98A635D22CF55EB300E13862 /* Native demo appTests */ = {
			isa = PBXGroup;
			children = (
				98A635D32CF55EB300E13862 /* Native_demo_appTests.swift */,
			);
			path = "Native demo appTests";
			sourceTree = "<group>";
		};
		98A635DC2CF55EB300E13862 /* Native demo appUITests */ = {
			isa = PBXGroup;
			children = (
				98A635DD2CF55EB300E13862 /* Native_demo_appUITests.swift */,
				98A635DF2CF55EB300E13862 /* Native_demo_appUITestsLaunchTests.swift */,
			);
			path = "Native demo appUITests";
			sourceTree = "<group>";
		};
/* End PBXGroup section */

/* Begin PBXNativeTarget section */
		98A635BE2CF55EB200E13862 /* Native demo app */ = {
			isa = PBXNativeTarget;
			buildConfigurationList = 98A635E32CF55EB300E13862 /* Build configuration list for PBXNativeTarget "Native demo app" */;
			buildPhases = (
				98A635BB2CF55EB200E13862 /* Sources */,
				98A635BC2CF55EB200E13862 /* Frameworks */,
				98A635BD2CF55EB200E13862 /* Resources */,
			);
			buildRules = (
			);
			dependencies = (
			);
			name = "Native demo app";
			productName = "Native demo app";
			productReference = 98A635BF2CF55EB200E13862 /* Native demo app.app */;
			productType = "com.apple.product-type.application";
		};
		98A635CE2CF55EB300E13862 /* Native demo appTests */ = {
			isa = PBXNativeTarget;
			buildConfigurationList = 98A635E62CF55EB300E13862 /* Build configuration list for PBXNativeTarget "Native demo appTests" */;
			buildPhases = (
				98A635CB2CF55EB300E13862 /* Sources */,
				98A635CC2CF55EB300E13862 /* Frameworks */,
				98A635CD2CF55EB300E13862 /* Resources */,
			);
			buildRules = (
			);
			dependencies = (
				98A635D12CF55EB300E13862 /* PBXTargetDependency */,
			);
			name = "Native demo appTests";
			productName = "Native demo appTests";
			productReference = 98A635CF2CF55EB300E13862 /* Native demo appTests.xctest */;
			productType = "com.apple.product-type.bundle.unit-test";
		};
		98A635D82CF55EB300E13862 /* Native demo appUITests */ = {
			isa = PBXNativeTarget;
			buildConfigurationList = 98A635E92CF55EB300E13862 /* Build configuration list for PBXNativeTarget "Native demo appUITests" */;
			buildPhases = (
				98A635D52CF55EB300E13862 /* Sources */,
				98A635D62CF55EB300E13862 /* Frameworks */,
				98A635D72CF55EB300E13862 /* Resources */,
			);
			buildRules = (
			);
			dependencies = (
				98A635DB2CF55EB300E13862 /* PBXTargetDependency */,
			);
			name = "Native demo appUITests";
			productName = "Native demo appUITests";
			productReference = 98A635D92CF55EB300E13862 /* Native demo appUITests.xctest */;
			productType = "com.apple.product-type.bundle.ui-testing";
		};
/* End PBXNativeTarget section */

/* Begin PBXProject section */
		98A635B72CF55EB200E13862 /* Project object */ = {
			isa = PBXProject;
			attributes = {
				BuildIndependentTargetsInParallel = 1;
				LastSwiftUpdateCheck = 1540;
				LastUpgradeCheck = 1540;
				TargetAttributes = {
					98A635BE2CF55EB200E13862 = {
						CreatedOnToolsVersion = 15.4;
					};
					98A635CE2CF55EB300E13862 = {
						CreatedOnToolsVersion = 15.4;
						TestTargetID = 98A635BE2CF55EB200E13862;
					};
					98A635D82CF55EB300E13862 = {
						CreatedOnToolsVersion = 15.4;
						TestTargetID = 98A635BE2CF55EB200E13862;
					};
				};
			};
			buildConfigurationList = 98A635BA2CF55EB200E13862 /* Build configuration list for PBXProject "Native demo app" */;
			compatibilityVersion = "Xcode 14.0";
			developmentRegion = en;
			hasScannedForEncodings = 0;
			knownRegions = (
				en,
				Base,
			);
			mainGroup = 98A635B62CF55EB200E13862;
			productRefGroup = 98A635C02CF55EB200E13862 /* Products */;
			projectDirPath = "";
			projectRoot = "";
			targets = (
				98A635BE2CF55EB200E13862 /* Native demo app */,
				98A635CE2CF55EB300E13862 /* Native demo appTests */,
				98A635D82CF55EB300E13862 /* Native demo appUITests */,
			);
		};
/* End PBXProject section */

/* Begin PBXResourcesBuildPhase section */
		98A635BD2CF55EB200E13862 /* Resources */ = {
			isa = PBXResourcesBuildPhase;
			buildActionMask = 2147483647;
			files = (
				98A635CA2CF55EB300E13862 /* Preview Assets.xcassets in Resources */,
				98A635C72CF55EB300E13862 /* Assets.xcassets in Resources */,
			);
			runOnlyForDeploymentPostprocessing = 0;
		};
		98A635CD2CF55EB300E13862 /* Resources */ = {
			isa = PBXResourcesBuildPhase;
			buildActionMask = 2147483647;
			files = (
			);
			runOnlyForDeploymentPostprocessing = 0;
		};
		98A635D72CF55EB300E13862 /* Resources */ = {
			isa = PBXResourcesBuildPhase;
			buildActionMask = 2147483647;
			files = (
			);
			runOnlyForDeploymentPostprocessing = 0;
		};
/* End PBXResourcesBuildPhase section */

/* Begin PBXSourcesBuildPhase section */
		98A635BB2CF55EB200E13862 /* Sources */ = {
			isa = PBXSourcesBuildPhase;
			buildActionMask = 2147483647;
			files = (
				98A635C52CF55EB200E13862 /* ContentView.swift in Sources */,
				98A635C32CF55EB200E13862 /* Native_demo_appApp.swift in Sources */,
			);
			runOnlyForDeploymentPostprocessing = 0;
		};
		98A635CB2CF55EB300E13862 /* Sources */ = {
			isa = PBXSourcesBuildPhase;
			buildActionMask = 2147483647;
			files = (
				98A635D42CF55EB300E13862 /* Native_demo_appTests.swift in Sources */,
			);
			runOnlyForDeploymentPostprocessing = 0;
		};
		98A635D52CF55EB300E13862 /* Sources */ = {
			isa = PBXSourcesBuildPhase;
			buildActionMask = 2147483647;
			files = (
				98A635E02CF55EB300E13862 /* Native_demo_appUITestsLaunchTests.swift in Sources */,
				98A635DE2CF55EB300E13862 /* Native_demo_appUITests.swift in Sources */,
			);
			runOnlyForDeploymentPostprocessing = 0;
		};
/* End PBXSourcesBuildPhase section */

/* Begin PBXTargetDependency section */
		98A635D12CF55EB300E13862 /* PBXTargetDependency */ = {
			isa = PBXTargetDependency;
			target = 98A635BE2CF55EB200E13862 /* Native demo app */;
			targetProxy = 98A635D02CF55EB300E13862 /* PBXContainerItemProxy */;
		};
		98A635DB2CF55EB300E13862 /* PBXTargetDependency */ = {
			isa = PBXTargetDependency;
			target = 98A635BE2CF55EB200E13862 /* Native demo app */;
			targetProxy = 98A635DA2CF55EB300E13862 /* PBXContainerItemProxy */;
		};
/* End PBXTargetDependency section */

/* Begin XCBuildConfiguration section */
		98A635E12CF55EB300E13862 /* Debug */ = {
			isa = XCBuildConfiguration;
			buildSettings = {
				ALWAYS_SEARCH_USER_PATHS = NO;
				ASSETCATALOG_COMPILER_GENERATE_SWIFT_ASSET_SYMBOL_EXTENSIONS = YES;
				CLANG_ANALYZER_NONNULL = YES;
				CLANG_ANALYZER_NUMBER_OBJECT_CONVERSION = YES_AGGRESSIVE;
				CLANG_CXX_LANGUAGE_STANDARD = "gnu++20";
				CLANG_ENABLE_MODULES = YES;
				CLANG_ENABLE_OBJC_ARC = YES;
				CLANG_ENABLE_OBJC_WEAK = YES;
				CLANG_WARN_BLOCK_CAPTURE_AUTORELEASING = YES;
				CLANG_WARN_BOOL_CONVERSION = YES;
				CLANG_WARN_COMMA = YES;
				CLANG_WARN_CONSTANT_CONVERSION = YES;
				CLANG_WARN_DEPRECATED_OBJC_IMPLEMENTATIONS = YES;
				CLANG_WARN_DIRECT_OBJC_ISA_USAGE = YES_ERROR;
				CLANG_WARN_DOCUMENTATION_COMMENTS = YES;
				CLANG_WARN_EMPTY_BODY = YES;
				CLANG_WARN_ENUM_CONVERSION = YES;
				CLANG_WARN_INFINITE_RECURSION = YES;
				CLANG_WARN_INT_CONVERSION = YES;
				CLANG_WARN_NON_LITERAL_NULL_CONVERSION = YES;
				CLANG_WARN_OBJC_IMPLICIT_RETAIN_SELF = YES;
				CLANG_WARN_OBJC_LITERAL_CONVERSION = YES;
				CLANG_WARN_OBJC_ROOT_CLASS = YES_ERROR;
				CLANG_WARN_QUOTED_INCLUDE_IN_FRAMEWORK_HEADER = YES;
				CLANG_WARN_RANGE_LOOP_ANALYSIS = YES;
				CLANG_WARN_STRICT_PROTOTYPES = YES;
				CLANG_WARN_SUSPICIOUS_MOVE = YES;
				CLANG_WARN_UNGUARDED_AVAILABILITY = YES_AGGRESSIVE;
				CLANG_WARN_UNREACHABLE_CODE = YES;
				CLANG_WARN__DUPLICATE_METHOD_MATCH = YES;
				COPY_PHASE_STRIP = NO;
				DEBUG_INFORMATION_FORMAT = dwarf;
				ENABLE_STRICT_OBJC_MSGSEND = YES;
				ENABLE_TESTABILITY = YES;
				ENABLE_USER_SCRIPT_SANDBOXING = YES;
				GCC_C_LANGUAGE_STANDARD = gnu17;
				GCC_DYNAMIC_NO_PIC = NO;
				GCC_NO_COMMON_BLOCKS = YES;
				GCC_OPTIMIZATION_LEVEL = 0;
				GCC_PREPROCESSOR_DEFINITIONS = (
					"DEBUG=1",
					"$(inherited)",
				);
				GCC_WARN_64_TO_32_BIT_CONVERSION = YES;
				GCC_WARN_ABOUT_RETURN_TYPE = YES_ERROR;
				GCC_WARN_UNDECLARED_SELECTOR = YES;
				GCC_WARN_UNINITIALIZED_AUTOS = YES_AGGRESSIVE;
				GCC_WARN_UNUSED_FUNCTION = YES;
				GCC_WARN_UNUSED_VARIABLE = YES;
				IPHONEOS_DEPLOYMENT_TARGET = 17.5;
				LOCALIZATION_PREFERS_STRING_CATALOGS = YES;
				MTL_ENABLE_DEBUG_INFO = INCLUDE_SOURCE;
				MTL_FAST_MATH = YES;
				ONLY_ACTIVE_ARCH = YES;
				SDKROOT = iphoneos;
				SWIFT_ACTIVE_COMPILATION_CONDITIONS = "DEBUG $(inherited)";
				SWIFT_OPTIMIZATION_LEVEL = "-Onone";
			};
			name = Debug;
		};
		98A635E22CF55EB300E13862 /* Release */ = {
			isa = XCBuildConfiguration;
			buildSettings = {
				ALWAYS_SEARCH_USER_PATHS = NO;
				ASSETCATALOG_COMPILER_GENERATE_SWIFT_ASSET_SYMBOL_EXTENSIONS = YES;
				CLANG_ANALYZER_NONNULL = YES;
				CLANG_ANALYZER_NUMBER_OBJECT_CONVERSION = YES_AGGRESSIVE;
				CLANG_CXX_LANGUAGE_STANDARD = "gnu++20";
				CLANG_ENABLE_MODULES = YES;
				CLANG_ENABLE_OBJC_ARC = YES;
				CLANG_ENABLE_OBJC_WEAK = YES;
				CLANG_WARN_BLOCK_CAPTURE_AUTORELEASING = YES;
				CLANG_WARN_BOOL_CONVERSION = YES;
				CLANG_WARN_COMMA = YES;
				CLANG_WARN_CONSTANT_CONVERSION = YES;
				CLANG_WARN_DEPRECATED_OBJC_IMPLEMENTATIONS = YES;
				CLANG_WARN_DIRECT_OBJC_ISA_USAGE = YES_ERROR;
				CLANG_WARN_DOCUMENTATION_COMMENTS = YES;
				CLANG_WARN_EMPTY_BODY = YES;
				CLANG_WARN_ENUM_CONVERSION = YES;
				CLANG_WARN_INFINITE_RECURSION = YES;
				CLANG_WARN_INT_CONVERSION = YES;
				CLANG_WARN_NON_LITERAL_NULL_CONVERSION = YES;
				CLANG_WARN_OBJC_IMPLICIT_RETAIN_SELF = YES;
				CLANG_WARN_OBJC_LITERAL_CONVERSION = YES;
				CLANG_WARN_OBJC_ROOT_CLASS = YES_ERROR;
				CLANG_WARN_QUOTED_INCLUDE_IN_FRAMEWORK_HEADER = YES;
				CLANG_WARN_RANGE_LOOP_ANALYSIS = YES;
				CLANG_WARN_STRICT_PROTOTYPES = YES;
				CLANG_WARN_SUSPICIOUS_MOVE = YES;
				CLANG_WARN_UNGUARDED_AVAILABILITY = YES_AGGRESSIVE;
				CLANG_WARN_UNREACHABLE_CODE = YES;
				CLANG_WARN__DUPLICATE_METHOD_MATCH = YES;
				COPY_PHASE_STRIP = NO;
				DEBUG_INFORMATION_FORMAT = "dwarf-with-dsym";
				ENABLE_NS_ASSERTIONS = NO;
				ENABLE_STRICT_OBJC_MSGSEND = YES;
				ENABLE_USER_SCRIPT_SANDBOXING = YES;
				GCC_C_LANGUAGE_STANDARD = gnu17;
				GCC_NO_COMMON_BLOCKS = YES;
				GCC_WARN_64_TO_32_BIT_CONVERSION = YES;
				GCC_WARN_ABOUT_RETURN_TYPE = YES_ERROR;
				GCC_WARN_UNDECLARED_SELECTOR = YES;
				GCC_WARN_UNINITIALIZED_AUTOS = YES_AGGRESSIVE;
				GCC_WARN_UNUSED_FUNCTION = YES;
				GCC_WARN_UNUSED_VARIABLE = YES;
				IPHONEOS_DEPLOYMENT_TARGET = 17.5;
				LOCALIZATION_PREFERS_STRING_CATALOGS = YES;
				MTL_ENABLE_DEBUG_INFO = NO;
				MTL_FAST_MATH = YES;
				SDKROOT = iphoneos;
				SWIFT_COMPILATION_MODE = wholemodule;
				VALIDATE_PRODUCT = YES;
			};
			name = Release;
		};
		98A635E42CF55EB300E13862 /* Debug */ = {
			isa = XCBuildConfiguration;
			buildSettings = {
				ASSETCATALOG_COMPILER_APPICON_NAME = AppIcon;
				ASSETCATALOG_COMPILER_GLOBAL_ACCENT_COLOR_NAME = AccentColor;
				CODE_SIGN_STYLE = Automatic;
				CURRENT_PROJECT_VERSION = 1;
				DEVELOPMENT_ASSET_PATHS = "\"Native demo app/Preview Content\"";
				ENABLE_PREVIEWS = YES;
				GENERATE_INFOPLIST_FILE = YES;
				INFOPLIST_KEY_UIApplicationSceneManifest_Generation = YES;
				INFOPLIST_KEY_UIApplicationSupportsIndirectInputEvents = YES;
				INFOPLIST_KEY_UILaunchScreen_Generation = YES;
				INFOPLIST_KEY_UISupportedInterfaceOrientations_iPad = "UIInterfaceOrientationPortrait UIInterfaceOrientationPortraitUpsideDown UIInterfaceOrientationLandscapeLeft UIInterfaceOrientationLandscapeRight";
				INFOPLIST_KEY_UISupportedInterfaceOrientations_iPhone = "UIInterfaceOrientationPortrait UIInterfaceOrientationLandscapeLeft UIInterfaceOrientationLandscapeRight";
				LD_RUNPATH_SEARCH_PATHS = (
					"$(inherited)",
					"@executable_path/Frameworks",
				);
				MARKETING_VERSION = 1.0;
				PRODUCT_BUNDLE_IDENTIFIER = "com.ern.Native-demo-app";
				PRODUCT_NAME = "$(TARGET_NAME)";
				SWIFT_EMIT_LOC_STRINGS = YES;
				SWIFT_VERSION = 5.0;
				TARGETED_DEVICE_FAMILY = "1,2";
			};
			name = Debug;
		};
		98A635E52CF55EB300E13862 /* Release */ = {
			isa = XCBuildConfiguration;
			buildSettings = {
				ASSETCATALOG_COMPILER_APPICON_NAME = AppIcon;
				ASSETCATALOG_COMPILER_GLOBAL_ACCENT_COLOR_NAME = AccentColor;
				CODE_SIGN_STYLE = Automatic;
				CURRENT_PROJECT_VERSION = 1;
				DEVELOPMENT_ASSET_PATHS = "\"Native demo app/Preview Content\"";
				ENABLE_PREVIEWS = YES;
				GENERATE_INFOPLIST_FILE = YES;
				INFOPLIST_KEY_UIApplicationSceneManifest_Generation = YES;
				INFOPLIST_KEY_UIApplicationSupportsIndirectInputEvents = YES;
				INFOPLIST_KEY_UILaunchScreen_Generation = YES;
				INFOPLIST_KEY_UISupportedInterfaceOrientations_iPad = "UIInterfaceOrientationPortrait UIInterfaceOrientationPortraitUpsideDown UIInterfaceOrientationLandscapeLeft UIInterfaceOrientationLandscapeRight";
				INFOPLIST_KEY_UISupportedInterfaceOrientations_iPhone = "UIInterfaceOrientationPortrait UIInterfaceOrientationLandscapeLeft UIInterfaceOrientationLandscapeRight";
				LD_RUNPATH_SEARCH_PATHS = (
					"$(inherited)",
					"@executable_path/Frameworks",
				);
				MARKETING_VERSION = 1.0;
				PRODUCT_BUNDLE_IDENTIFIER = "com.ern.Native-demo-app";
				PRODUCT_NAME = "$(TARGET_NAME)";
				SWIFT_EMIT_LOC_STRINGS = YES;
				SWIFT_VERSION = 5.0;
				TARGETED_DEVICE_FAMILY = "1,2";
			};
			name = Release;
		};
		98A635E72CF55EB300E13862 /* Debug */ = {
			isa = XCBuildConfiguration;
			buildSettings = {
				ALWAYS_EMBED_SWIFT_STANDARD_LIBRARIES = YES;
				BUNDLE_LOADER = "$(TEST_HOST)";
				CODE_SIGN_STYLE = Automatic;
				CURRENT_PROJECT_VERSION = 1;
				GENERATE_INFOPLIST_FILE = YES;
				IPHONEOS_DEPLOYMENT_TARGET = 17.5;
				MARKETING_VERSION = 1.0;
				PRODUCT_BUNDLE_IDENTIFIER = "com.ern.Native-demo-appTests";
				PRODUCT_NAME = "$(TARGET_NAME)";
				SWIFT_EMIT_LOC_STRINGS = NO;
				SWIFT_VERSION = 5.0;
				TARGETED_DEVICE_FAMILY = "1,2";
				TEST_HOST = "$(BUILT_PRODUCTS_DIR)/Native demo app.app/$(BUNDLE_EXECUTABLE_FOLDER_PATH)/Native demo app";
			};
			name = Debug;
		};
		98A635E82CF55EB300E13862 /* Release */ = {
			isa = XCBuildConfiguration;
			buildSettings = {
				ALWAYS_EMBED_SWIFT_STANDARD_LIBRARIES = YES;
				BUNDLE_LOADER = "$(TEST_HOST)";
				CODE_SIGN_STYLE = Automatic;
				CURRENT_PROJECT_VERSION = 1;
				GENERATE_INFOPLIST_FILE = YES;
				IPHONEOS_DEPLOYMENT_TARGET = 17.5;
				MARKETING_VERSION = 1.0;
				PRODUCT_BUNDLE_IDENTIFIER = "com.ern.Native-demo-appTests";
				PRODUCT_NAME = "$(TARGET_NAME)";
				SWIFT_EMIT_LOC_STRINGS = NO;
				SWIFT_VERSION = 5.0;
				TARGETED_DEVICE_FAMILY = "1,2";
				TEST_HOST = "$(BUILT_PRODUCTS_DIR)/Native demo app.app/$(BUNDLE_EXECUTABLE_FOLDER_PATH)/Native demo app";
			};
			name = Release;
		};
		98A635EA2CF55EB300E13862 /* Debug */ = {
			isa = XCBuildConfiguration;
			buildSettings = {
				ALWAYS_EMBED_SWIFT_STANDARD_LIBRARIES = YES;
				CODE_SIGN_STYLE = Automatic;
				CURRENT_PROJECT_VERSION = 1;
				GENERATE_INFOPLIST_FILE = YES;
				MARKETING_VERSION = 1.0;
				PRODUCT_BUNDLE_IDENTIFIER = "com.ern.Native-demo-appUITests";
				PRODUCT_NAME = "$(TARGET_NAME)";
				SWIFT_EMIT_LOC_STRINGS = NO;
				SWIFT_VERSION = 5.0;
				TARGETED_DEVICE_FAMILY = "1,2";
				TEST_TARGET_NAME = "Native demo app";
			};
			name = Debug;
		};
		98A635EB2CF55EB300E13862 /* Release */ = {
			isa = XCBuildConfiguration;
			buildSettings = {
				ALWAYS_EMBED_SWIFT_STANDARD_LIBRARIES = YES;
				CODE_SIGN_STYLE = Automatic;
				CURRENT_PROJECT_VERSION = 1;
				GENERATE_INFOPLIST_FILE = YES;
				MARKETING_VERSION = 1.0;
				PRODUCT_BUNDLE_IDENTIFIER = "com.ern.Native-demo-appUITests";
				PRODUCT_NAME = "$(TARGET_NAME)";
				SWIFT_EMIT_LOC_STRINGS = NO;
				SWIFT_VERSION = 5.0;
				TARGETED_DEVICE_FAMILY = "1,2";
				TEST_TARGET_NAME = "Native demo app";
			};
			name = Release;
		};
/* End XCBuildConfiguration section */

/* Begin XCConfigurationList section */
		98A635BA2CF55EB200E13862 /* Build configuration list for PBXProject "Native demo app" */ = {
			isa = XCConfigurationList;
			buildConfigurations = (
				98A635E12CF55EB300E13862 /* Debug */,
				98A635E22CF55EB300E13862 /* Release */,
			);
			defaultConfigurationIsVisible = 0;
			defaultConfigurationName = Release;
		};
		98A635E32CF55EB300E13862 /* Build configuration list for PBXNativeTarget "Native demo app" */ = {
			isa = XCConfigurationList;
			buildConfigurations = (
				98A635E42CF55EB300E13862 /* Debug */,
				98A635E52CF55EB300E13862 /* Release */,
			);
			defaultConfigurationIsVisible = 0;
			defaultConfigurationName = Release;
		};
		98A635E62CF55EB300E13862 /* Build configuration list for PBXNativeTarget "Native demo appTests" */ = {
			isa = XCConfigurationList;
			buildConfigurations = (
				98A635E72CF55EB300E13862 /* Debug */,
				98A635E82CF55EB300E13862 /* Release */,
			);
			defaultConfigurationIsVisible = 0;
			defaultConfigurationName = Release;
		};
		98A635E92CF55EB300E13862 /* Build configuration list for PBXNativeTarget "Native demo appUITests" */ = {
			isa = XCConfigurationList;
			buildConfigurations = (
				98A635EA2CF55EB300E13862 /* Debug */,
				98A635EB2CF55EB300E13862 /* Release */,
			);
			defaultConfigurationIsVisible = 0;
			defaultConfigurationName = Release;
		};
/* End XCConfigurationList section */
	};
	rootObject = 98A635B72CF55EB200E13862 /* Project object */;
}
